
Microsoft Visual Studio Solution File, Format Version 12.00
# Visual Studio Version 17
VisualStudioVersion = 17.8.34511.84
MinimumVisualStudioVersion = 10.0.40219.1
Project("{FAE04EC0-301F-11D3-BF4B-00C04F79EFBC}") = "Lab03_Rectangle_Area", "Lab03_Rectangle_Area.csproj", "{CFB495ED-363D-470E-B2D1-E97FDCB7B769}"
EndProject
Global
	GlobalSection(SolutionConfigurationPlatforms) = preSolution
		Debug|Any CPU = Debug|Any CPU
		Release|Any CPU = Release|Any CPU
	EndGlobalSection
	GlobalSection(ProjectConfigurationPlatforms) = postSolution
		{CFB495ED-363D-470E-B2D1-E97FDCB7B769}.Debug|Any CPU.ActiveCfg = Debug|Any CPU
		{CFB495ED-363D-470E-B2D1-E97FDCB7B769}.Debug|Any CPU.Build.0 = Debug|Any CPU
		{CFB495ED-363D-470E-B2D1-E97FDCB7B769}.Release|Any CPU.ActiveCfg = Release|Any CPU
		{CFB495ED-363D-470E-B2D1-E97FDCB7B769}.Release|Any CPU.Build.0 = Release|Any CPU
	EndGlobalSection
	GlobalSection(SolutionProperties) = preSolution
		HideSolutionNode = FALSE
	EndGlobalSection
	GlobalSection(ExtensibilityGlobals) = postSolution
		SolutionGuid = {A99A5B77-F3C4-4A8D-96E8-F98E4B70C122}
	EndGlobalSection
EndGlobal
