
Microsoft Visual Studio Solution File, Format Version 12.00
# Visual Studio Version 17
VisualStudioVersion = 17.8.34511.84
MinimumVisualStudioVersion = 10.0.40219.1
Project("{FAE04EC0-301F-11D3-BF4B-00C04F79EFBC}") = "ConsoleApp1", "ConsoleApp1.csproj", "{A329DA72-156B-4765-A661-A1E6F2C63CCB}"
EndProject
Global
	GlobalSection(SolutionConfigurationPlatforms) = preSolution
		Debug|Any CPU = Debug|Any CPU
		Release|Any CPU = Release|Any CPU
	EndGlobalSection
	GlobalSection(ProjectConfigurationPlatforms) = postSolution
		{A329DA72-156B-4765-A661-A1E6F2C63CCB}.Debug|Any CPU.ActiveCfg = Debug|Any CPU
		{A329DA72-156B-4765-A661-A1E6F2C63CCB}.Debug|Any CPU.Build.0 = Debug|Any CPU
		{A329DA72-156B-4765-A661-A1E6F2C63CCB}.Release|Any CPU.ActiveCfg = Release|Any CPU
		{A329DA72-156B-4765-A661-A1E6F2C63CCB}.Release|Any CPU.Build.0 = Release|Any CPU
	EndGlobalSection
	GlobalSection(SolutionProperties) = preSolution
		HideSolutionNode = FALSE
	EndGlobalSection
	GlobalSection(ExtensibilityGlobals) = postSolution
		SolutionGuid = {0FD176D5-33F1-4279-ACD0-C635ECE588C5}
	EndGlobalSection
EndGlobal
