
Microsoft Visual Studio Solution File, Format Version 12.00
# Visual Studio Version 17
VisualStudioVersion = 17.8.34511.84
MinimumVisualStudioVersion = 10.0.40219.1
Project("{FAE04EC0-301F-11D3-BF4B-00C04F79EFBC}") = "ConsoleApp1", "ConsoleApp1.csproj", "{39EE0877-5A7C-42A7-BA2B-FAD820B40FDC}"
EndProject
Global
	GlobalSection(SolutionConfigurationPlatforms) = preSolution
		Debug|Any CPU = Debug|Any CPU
		Release|Any CPU = Release|Any CPU
	EndGlobalSection
	GlobalSection(ProjectConfigurationPlatforms) = postSolution
		{39EE0877-5A7C-42A7-BA2B-FAD820B40FDC}.Debug|Any CPU.ActiveCfg = Debug|Any CPU
		{39EE0877-5A7C-42A7-BA2B-FAD820B40FDC}.Debug|Any CPU.Build.0 = Debug|Any CPU
		{39EE0877-5A7C-42A7-BA2B-FAD820B40FDC}.Release|Any CPU.ActiveCfg = Release|Any CPU
		{39EE0877-5A7C-42A7-BA2B-FAD820B40FDC}.Release|Any CPU.Build.0 = Release|Any CPU
	EndGlobalSection
	GlobalSection(SolutionProperties) = preSolution
		HideSolutionNode = FALSE
	EndGlobalSection
	GlobalSection(ExtensibilityGlobals) = postSolution
		SolutionGuid = {A7016BAC-B17C-4E45-8F75-54A6D409E32B}
	EndGlobalSection
EndGlobal
