
Microsoft Visual Studio Solution File, Format Version 12.00
# Visual Studio Version 17
VisualStudioVersion = 17.8.34511.84
MinimumVisualStudioVersion = 10.0.40219.1
Project("{FAE04EC0-301F-11D3-BF4B-00C04F79EFBC}") = "ConsoleApp1", "ConsoleApp1.csproj", "{55F61F03-84B1-425A-B3D3-9FC1BBF14EE9}"
EndProject
Global
	GlobalSection(SolutionConfigurationPlatforms) = preSolution
		Debug|Any CPU = Debug|Any CPU
		Release|Any CPU = Release|Any CPU
	EndGlobalSection
	GlobalSection(ProjectConfigurationPlatforms) = postSolution
		{55F61F03-84B1-425A-B3D3-9FC1BBF14EE9}.Debug|Any CPU.ActiveCfg = Debug|Any CPU
		{55F61F03-84B1-425A-B3D3-9FC1BBF14EE9}.Debug|Any CPU.Build.0 = Debug|Any CPU
		{55F61F03-84B1-425A-B3D3-9FC1BBF14EE9}.Release|Any CPU.ActiveCfg = Release|Any CPU
		{55F61F03-84B1-425A-B3D3-9FC1BBF14EE9}.Release|Any CPU.Build.0 = Release|Any CPU
	EndGlobalSection
	GlobalSection(SolutionProperties) = preSolution
		HideSolutionNode = FALSE
	EndGlobalSection
	GlobalSection(ExtensibilityGlobals) = postSolution
		SolutionGuid = {38A901FB-6F4E-44D2-8464-0AE231AED44F}
	EndGlobalSection
EndGlobal
