
Microsoft Visual Studio Solution File, Format Version 12.00
# Visual Studio Version 17
VisualStudioVersion = 17.8.34511.84
MinimumVisualStudioVersion = 10.0.40219.1
Project("{FAE04EC0-301F-11D3-BF4B-00C04F79EFBC}") = "ConsoleApp1", "ConsoleApp1.csproj", "{BD4247C1-FAC9-41DC-AB60-917D647E1B6C}"
EndProject
Global
	GlobalSection(SolutionConfigurationPlatforms) = preSolution
		Debug|Any CPU = Debug|Any CPU
		Release|Any CPU = Release|Any CPU
	EndGlobalSection
	GlobalSection(ProjectConfigurationPlatforms) = postSolution
		{BD4247C1-FAC9-41DC-AB60-917D647E1B6C}.Debug|Any CPU.ActiveCfg = Debug|Any CPU
		{BD4247C1-FAC9-41DC-AB60-917D647E1B6C}.Debug|Any CPU.Build.0 = Debug|Any CPU
		{BD4247C1-FAC9-41DC-AB60-917D647E1B6C}.Release|Any CPU.ActiveCfg = Release|Any CPU
		{BD4247C1-FAC9-41DC-AB60-917D647E1B6C}.Release|Any CPU.Build.0 = Release|Any CPU
	EndGlobalSection
	GlobalSection(SolutionProperties) = preSolution
		HideSolutionNode = FALSE
	EndGlobalSection
	GlobalSection(ExtensibilityGlobals) = postSolution
		SolutionGuid = {8B84669C-ED7F-4929-A593-1FD0370FA2C4}
	EndGlobalSection
EndGlobal
