
Microsoft Visual Studio Solution File, Format Version 12.00
# Visual Studio Version 17
VisualStudioVersion = 17.8.34511.84
MinimumVisualStudioVersion = 10.0.40219.1
Project("{FAE04EC0-301F-11D3-BF4B-00C04F79EFBC}") = "ConsoleApp1", "ConsoleApp1.csproj", "{04CC8F32-603E-46D4-BD62-62108F59FE62}"
EndProject
Global
	GlobalSection(SolutionConfigurationPlatforms) = preSolution
		Debug|Any CPU = Debug|Any CPU
		Release|Any CPU = Release|Any CPU
	EndGlobalSection
	GlobalSection(ProjectConfigurationPlatforms) = postSolution
		{04CC8F32-603E-46D4-BD62-62108F59FE62}.Debug|Any CPU.ActiveCfg = Debug|Any CPU
		{04CC8F32-603E-46D4-BD62-62108F59FE62}.Debug|Any CPU.Build.0 = Debug|Any CPU
		{04CC8F32-603E-46D4-BD62-62108F59FE62}.Release|Any CPU.ActiveCfg = Release|Any CPU
		{04CC8F32-603E-46D4-BD62-62108F59FE62}.Release|Any CPU.Build.0 = Release|Any CPU
	EndGlobalSection
	GlobalSection(SolutionProperties) = preSolution
		HideSolutionNode = FALSE
	EndGlobalSection
	GlobalSection(ExtensibilityGlobals) = postSolution
		SolutionGuid = {2F679383-3015-4650-A9B9-6817E36D3166}
	EndGlobalSection
EndGlobal
