
Microsoft Visual Studio Solution File, Format Version 12.00
# Visual Studio Version 17
VisualStudioVersion = 17.8.34511.84
MinimumVisualStudioVersion = 10.0.40219.1
Project("{FAE04EC0-301F-11D3-BF4B-00C04F79EFBC}") = "ConsoleApp1", "ConsoleApp1.csproj", "{863707CA-B75E-4152-885A-A58F10E91AAB}"
EndProject
Global
	GlobalSection(SolutionConfigurationPlatforms) = preSolution
		Debug|Any CPU = Debug|Any CPU
		Release|Any CPU = Release|Any CPU
	EndGlobalSection
	GlobalSection(ProjectConfigurationPlatforms) = postSolution
		{863707CA-B75E-4152-885A-A58F10E91AAB}.Debug|Any CPU.ActiveCfg = Debug|Any CPU
		{863707CA-B75E-4152-885A-A58F10E91AAB}.Debug|Any CPU.Build.0 = Debug|Any CPU
		{863707CA-B75E-4152-885A-A58F10E91AAB}.Release|Any CPU.ActiveCfg = Release|Any CPU
		{863707CA-B75E-4152-885A-A58F10E91AAB}.Release|Any CPU.Build.0 = Release|Any CPU
	EndGlobalSection
	GlobalSection(SolutionProperties) = preSolution
		HideSolutionNode = FALSE
	EndGlobalSection
	GlobalSection(ExtensibilityGlobals) = postSolution
		SolutionGuid = {59F44663-8508-4EB2-980F-9C8FF0626C29}
	EndGlobalSection
EndGlobal
