
Microsoft Visual Studio Solution File, Format Version 12.00
# Visual Studio Version 17
VisualStudioVersion = 17.8.34511.84
MinimumVisualStudioVersion = 10.0.40219.1
Project("{FAE04EC0-301F-11D3-BF4B-00C04F79EFBC}") = "ConsoleApp1", "ConsoleApp1.csproj", "{BAA4B621-9AB1-4357-A8D6-B4C766C594B3}"
EndProject
Global
	GlobalSection(SolutionConfigurationPlatforms) = preSolution
		Debug|Any CPU = Debug|Any CPU
		Release|Any CPU = Release|Any CPU
	EndGlobalSection
	GlobalSection(ProjectConfigurationPlatforms) = postSolution
		{BAA4B621-9AB1-4357-A8D6-B4C766C594B3}.Debug|Any CPU.ActiveCfg = Debug|Any CPU
		{BAA4B621-9AB1-4357-A8D6-B4C766C594B3}.Debug|Any CPU.Build.0 = Debug|Any CPU
		{BAA4B621-9AB1-4357-A8D6-B4C766C594B3}.Release|Any CPU.ActiveCfg = Release|Any CPU
		{BAA4B621-9AB1-4357-A8D6-B4C766C594B3}.Release|Any CPU.Build.0 = Release|Any CPU
	EndGlobalSection
	GlobalSection(SolutionProperties) = preSolution
		HideSolutionNode = FALSE
	EndGlobalSection
	GlobalSection(ExtensibilityGlobals) = postSolution
		SolutionGuid = {6AD850AA-9146-4D8A-A23A-B725A4E6EA13}
	EndGlobalSection
EndGlobal
