
Microsoft Visual Studio Solution File, Format Version 12.00
# Visual Studio Version 17
VisualStudioVersion = 17.8.34511.84
MinimumVisualStudioVersion = 10.0.40219.1
Project("{FAE04EC0-301F-11D3-BF4B-00C04F79EFBC}") = "ConsoleApp1", "ConsoleApp1.csproj", "{B3E3FB27-437A-41E8-B801-68ED7E332825}"
EndProject
Global
	GlobalSection(SolutionConfigurationPlatforms) = preSolution
		Debug|Any CPU = Debug|Any CPU
		Release|Any CPU = Release|Any CPU
	EndGlobalSection
	GlobalSection(ProjectConfigurationPlatforms) = postSolution
		{B3E3FB27-437A-41E8-B801-68ED7E332825}.Debug|Any CPU.ActiveCfg = Debug|Any CPU
		{B3E3FB27-437A-41E8-B801-68ED7E332825}.Debug|Any CPU.Build.0 = Debug|Any CPU
		{B3E3FB27-437A-41E8-B801-68ED7E332825}.Release|Any CPU.ActiveCfg = Release|Any CPU
		{B3E3FB27-437A-41E8-B801-68ED7E332825}.Release|Any CPU.Build.0 = Release|Any CPU
	EndGlobalSection
	GlobalSection(SolutionProperties) = preSolution
		HideSolutionNode = FALSE
	EndGlobalSection
	GlobalSection(ExtensibilityGlobals) = postSolution
		SolutionGuid = {CEB9D54A-39DB-4DE9-B527-4CEFC0C523A6}
	EndGlobalSection
EndGlobal
