
Microsoft Visual Studio Solution File, Format Version 12.00
# Visual Studio Version 17
VisualStudioVersion = 17.8.34511.84
MinimumVisualStudioVersion = 10.0.40219.1
Project("{FAE04EC0-301F-11D3-BF4B-00C04F79EFBC}") = "ConsoleApp1", "ConsoleApp1.csproj", "{58ACE721-0F65-4FFD-8CA6-E36ADD8E15C0}"
EndProject
Global
	GlobalSection(SolutionConfigurationPlatforms) = preSolution
		Debug|Any CPU = Debug|Any CPU
		Release|Any CPU = Release|Any CPU
	EndGlobalSection
	GlobalSection(ProjectConfigurationPlatforms) = postSolution
		{58ACE721-0F65-4FFD-8CA6-E36ADD8E15C0}.Debug|Any CPU.ActiveCfg = Debug|Any CPU
		{58ACE721-0F65-4FFD-8CA6-E36ADD8E15C0}.Debug|Any CPU.Build.0 = Debug|Any CPU
		{58ACE721-0F65-4FFD-8CA6-E36ADD8E15C0}.Release|Any CPU.ActiveCfg = Release|Any CPU
		{58ACE721-0F65-4FFD-8CA6-E36ADD8E15C0}.Release|Any CPU.Build.0 = Release|Any CPU
	EndGlobalSection
	GlobalSection(SolutionProperties) = preSolution
		HideSolutionNode = FALSE
	EndGlobalSection
	GlobalSection(ExtensibilityGlobals) = postSolution
		SolutionGuid = {F94546BE-3E24-425D-8053-0B1E3965496F}
	EndGlobalSection
EndGlobal
